
Microsoft Visual Studio Solution File, Format Version 12.00
# Visual Studio Version 17
VisualStudioVersion = 17.0.31903.59
MinimumVisualStudioVersion = 10.0.40219.1
Project("{2150E333-8FDC-42A3-9474-1A3956D46DE8}") = "src", "src", "{827E0CD3-B72D-47B6-A68D-7590B98EB39B}"
EndProject
Project("{FAE04EC0-301F-11D3-BF4B-00C04F79EFBC}") = "SmartPark.Domain", "src\SmartPark.Domain\SmartPark.Domain.csproj", "{71DD5560-C07E-48AA-B9B5-B12199F655E1}"
EndProject
Project("{FAE04EC0-301F-11D3-BF4B-00C04F79EFBC}") = "SmartPark.Application", "src\SmartPark.Application\SmartPark.Application.csproj", "{E0C631D7-695A-449E-8BC8-C111415B6698}"
EndProject
Project("{FAE04EC0-301F-11D3-BF4B-00C04F79EFBC}") = "SmartPark.Infrastructure", "src\SmartPark.Infrastructure\SmartPark.Infrastructure.csproj", "{6E4275D6-2C79-4C63-BB62-2B7FF60B0D0E}"
EndProject
Project("{FAE04EC0-301F-11D3-BF4B-00C04F79EFBC}") = "SmartPark.API", "src\SmartPark.API\SmartPark.API.csproj", "{6B34C85B-7DC7-419F-928A-9860C1AA5E30}"
EndProject
Global
	GlobalSection(SolutionConfigurationPlatforms) = preSolution
		Debug|Any CPU = Debug|Any CPU
		Debug|x64 = Debug|x64
		Debug|x86 = Debug|x86
		Release|Any CPU = Release|Any CPU
		Release|x64 = Release|x64
		Release|x86 = Release|x86
	EndGlobalSection
	GlobalSection(ProjectConfigurationPlatforms) = postSolution
		{71DD5560-C07E-48AA-B9B5-B12199F655E1}.Debug|Any CPU.ActiveCfg = Debug|Any CPU
		{71DD5560-C07E-48AA-B9B5-B12199F655E1}.Debug|Any CPU.Build.0 = Debug|Any CPU
		{71DD5560-C07E-48AA-B9B5-B12199F655E1}.Debug|x64.ActiveCfg = Debug|Any CPU
		{71DD5560-C07E-48AA-B9B5-B12199F655E1}.Debug|x64.Build.0 = Debug|Any CPU
		{71DD5560-C07E-48AA-B9B5-B12199F655E1}.Debug|x86.ActiveCfg = Debug|Any CPU
		{71DD5560-C07E-48AA-B9B5-B12199F655E1}.Debug|x86.Build.0 = Debug|Any CPU
		{71DD5560-C07E-48AA-B9B5-B12199F655E1}.Release|Any CPU.ActiveCfg = Release|Any CPU
		{71DD5560-C07E-48AA-B9B5-B12199F655E1}.Release|Any CPU.Build.0 = Release|Any CPU
		{71DD5560-C07E-48AA-B9B5-B12199F655E1}.Release|x64.ActiveCfg = Release|Any CPU
		{71DD5560-C07E-48AA-B9B5-B12199F655E1}.Release|x64.Build.0 = Release|Any CPU
		{71DD5560-C07E-48AA-B9B5-B12199F655E1}.Release|x86.ActiveCfg = Release|Any CPU
		{71DD5560-C07E-48AA-B9B5-B12199F655E1}.Release|x86.Build.0 = Release|Any CPU
		{E0C631D7-695A-449E-8BC8-C111415B6698}.Debug|Any CPU.ActiveCfg = Debug|Any CPU
		{E0C631D7-695A-449E-8BC8-C111415B6698}.Debug|Any CPU.Build.0 = Debug|Any CPU
		{E0C631D7-695A-449E-8BC8-C111415B6698}.Debug|x64.ActiveCfg = Debug|Any CPU
		{E0C631D7-695A-449E-8BC8-C111415B6698}.Debug|x64.Build.0 = Debug|Any CPU
		{E0C631D7-695A-449E-8BC8-C111415B6698}.Debug|x86.ActiveCfg = Debug|Any CPU
		{E0C631D7-695A-449E-8BC8-C111415B6698}.Debug|x86.Build.0 = Debug|Any CPU
		{E0C631D7-695A-449E-8BC8-C111415B6698}.Release|Any CPU.ActiveCfg = Release|Any CPU
		{E0C631D7-695A-449E-8BC8-C111415B6698}.Release|Any CPU.Build.0 = Release|Any CPU
		{E0C631D7-695A-449E-8BC8-C111415B6698}.Release|x64.ActiveCfg = Release|Any CPU
		{E0C631D7-695A-449E-8BC8-C111415B6698}.Release|x64.Build.0 = Release|Any CPU
		{E0C631D7-695A-449E-8BC8-C111415B6698}.Release|x86.ActiveCfg = Release|Any CPU
		{E0C631D7-695A-449E-8BC8-C111415B6698}.Release|x86.Build.0 = Release|Any CPU
		{6E4275D6-2C79-4C63-BB62-2B7FF60B0D0E}.Debug|Any CPU.ActiveCfg = Debug|Any CPU
		{6E4275D6-2C79-4C63-BB62-2B7FF60B0D0E}.Debug|Any CPU.Build.0 = Debug|Any CPU
		{6E4275D6-2C79-4C63-BB62-2B7FF60B0D0E}.Debug|x64.ActiveCfg = Debug|Any CPU
		{6E4275D6-2C79-4C63-BB62-2B7FF60B0D0E}.Debug|x64.Build.0 = Debug|Any CPU
		{6E4275D6-2C79-4C63-BB62-2B7FF60B0D0E}.Debug|x86.ActiveCfg = Debug|Any CPU
		{6E4275D6-2C79-4C63-BB62-2B7FF60B0D0E}.Debug|x86.Build.0 = Debug|Any CPU
		{6E4275D6-2C79-4C63-BB62-2B7FF60B0D0E}.Release|Any CPU.ActiveCfg = Release|Any CPU
		{6E4275D6-2C79-4C63-BB62-2B7FF60B0D0E}.Release|Any CPU.Build.0 = Release|Any CPU
		{6E4275D6-2C79-4C63-BB62-2B7FF60B0D0E}.Release|x64.ActiveCfg = Release|Any CPU
		{6E4275D6-2C79-4C63-BB62-2B7FF60B0D0E}.Release|x64.Build.0 = Release|Any CPU
		{6E4275D6-2C79-4C63-BB62-2B7FF60B0D0E}.Release|x86.ActiveCfg = Release|Any CPU
		{6E4275D6-2C79-4C63-BB62-2B7FF60B0D0E}.Release|x86.Build.0 = Release|Any CPU
		{6B34C85B-7DC7-419F-928A-9860C1AA5E30}.Debug|Any CPU.ActiveCfg = Debug|Any CPU
		{6B34C85B-7DC7-419F-928A-9860C1AA5E30}.Debug|Any CPU.Build.0 = Debug|Any CPU
		{6B34C85B-7DC7-419F-928A-9860C1AA5E30}.Debug|x64.ActiveCfg = Debug|Any CPU
		{6B34C85B-7DC7-419F-928A-9860C1AA5E30}.Debug|x64.Build.0 = Debug|Any CPU
		{6B34C85B-7DC7-419F-928A-9860C1AA5E30}.Debug|x86.ActiveCfg = Debug|Any CPU
		{6B34C85B-7DC7-419F-928A-9860C1AA5E30}.Debug|x86.Build.0 = Debug|Any CPU
		{6B34C85B-7DC7-419F-928A-9860C1AA5E30}.Release|Any CPU.ActiveCfg = Release|Any CPU
		{6B34C85B-7DC7-419F-928A-9860C1AA5E30}.Release|Any CPU.Build.0 = Release|Any CPU
		{6B34C85B-7DC7-419F-928A-9860C1AA5E30}.Release|x64.ActiveCfg = Release|Any CPU
		{6B34C85B-7DC7-419F-928A-9860C1AA5E30}.Release|x64.Build.0 = Release|Any CPU
		{6B34C85B-7DC7-419F-928A-9860C1AA5E30}.Release|x86.ActiveCfg = Release|Any CPU
		{6B34C85B-7DC7-419F-928A-9860C1AA5E30}.Release|x86.Build.0 = Release|Any CPU
	EndGlobalSection
	GlobalSection(SolutionProperties) = preSolution
		HideSolutionNode = FALSE
	EndGlobalSection
	GlobalSection(NestedProjects) = preSolution
		{71DD5560-C07E-48AA-B9B5-B12199F655E1} = {827E0CD3-B72D-47B6-A68D-7590B98EB39B}
		{E0C631D7-695A-449E-8BC8-C111415B6698} = {827E0CD3-B72D-47B6-A68D-7590B98EB39B}
		{6E4275D6-2C79-4C63-BB62-2B7FF60B0D0E} = {827E0CD3-B72D-47B6-A68D-7590B98EB39B}
		{6B34C85B-7DC7-419F-928A-9860C1AA5E30} = {827E0CD3-B72D-47B6-A68D-7590B98EB39B}
	EndGlobalSection
EndGlobal
